// !$*UTF8*$!
{
	archiveVersion = 1;
	classes = {
	};
	objectVersion = 55;
	objects = {

/* Begin PBXBuildFile section */
		0F83A3ECD22CB9EB5A3960BE /* Pods_LNC_Driver.framework in Frameworks */ = {isa = PBXBuildFile; fileRef = 1C648C314EE5B303EF28BFB6 /* Pods_LNC_Driver.framework */; };
		8774A7352F3C7A25E85C5DAF /* Pods_LNC_Driver_LNC_DriverUITests.framework in Frameworks */ = {isa = PBXBuildFile; fileRef = 830DDA033DB609CF219BD70C /* Pods_LNC_Driver_LNC_DriverUITests.framework */; };
		BA36D88128C8C40E00B73053 /* AppDelegate.swift in Sources */ = {isa = PBXBuildFile; fileRef = BA36D88028C8C40E00B73053 /* AppDelegate.swift */; };
		BA36D88B28C8C40E00B73053 /* LNC_Driver.xcdatamodeld in Sources */ = {isa = PBXBuildFile; fileRef = BA36D88928C8C40E00B73053 /* LNC_Driver.xcdatamodeld */; };
		BA36D88D28C8C41200B73053 /* Assets.xcassets in Resources */ = {isa = PBXBuildFile; fileRef = BA36D88C28C8C41200B73053 /* Assets.xcassets */; };
		BA36D89028C8C41200B73053 /* LaunchScreen.storyboard in Resources */ = {isa = PBXBuildFile; fileRef = BA36D88E28C8C41200B73053 /* LaunchScreen.storyboard */; };
		BA36D89B28C8C41300B73053 /* LNC_DriverTests.swift in Sources */ = {isa = PBXBuildFile; fileRef = BA36D89A28C8C41300B73053 /* LNC_DriverTests.swift */; };
		BA36D8A528C8C41300B73053 /* LNC_DriverUITests.swift in Sources */ = {isa = PBXBuildFile; fileRef = BA36D8A428C8C41300B73053 /* LNC_DriverUITests.swift */; };
		BA36D8A728C8C41300B73053 /* LNC_DriverUITestsLaunchTests.swift in Sources */ = {isa = PBXBuildFile; fileRef = BA36D8A628C8C41300B73053 /* LNC_DriverUITestsLaunchTests.swift */; };
		BA409B2228D02A1300489F09 /* background.png in Resources */ = {isa = PBXBuildFile; fileRef = BA409B2128D02A1300489F09 /* background.png */; };
		BA409B3628D02AA600489F09 /* ImagePickerManager.swift in Sources */ = {isa = PBXBuildFile; fileRef = BA409B2428D02AA500489F09 /* ImagePickerManager.swift */; };
		BA409B3728D02AA600489F09 /* HttpRequestHelper.swift in Sources */ = {isa = PBXBuildFile; fileRef = BA409B2528D02AA500489F09 /* HttpRequestHelper.swift */; };
		BA409B3828D02AA600489F09 /* LncUserConstants .swift in Sources */ = {isa = PBXBuildFile; fileRef = BA409B2628D02AA500489F09 /* LncUserConstants .swift */; };
		BA409B3928D02AA600489F09 /* TextFieldHelper.swift in Sources */ = {isa = PBXBuildFile; fileRef = BA409B2728D02AA500489F09 /* TextFieldHelper.swift */; };
		BA409B3A28D02AA600489F09 /* HelperConstants.swift in Sources */ = {isa = PBXBuildFile; fileRef = BA409B2828D02AA500489F09 /* HelperConstants.swift */; };
		BA409B3B28D02AA600489F09 /* Lato-Italic.ttf in Resources */ = {isa = PBXBuildFile; fileRef = BA409B2B28D02AA500489F09 /* Lato-Italic.ttf */; };
		BA409B3C28D02AA600489F09 /* Lato-LightItalic.ttf in Resources */ = {isa = PBXBuildFile; fileRef = BA409B2C28D02AA500489F09 /* Lato-LightItalic.ttf */; };
		BA409B3D28D02AA600489F09 /* Lato-Thin.ttf in Resources */ = {isa = PBXBuildFile; fileRef = BA409B2D28D02AA500489F09 /* Lato-Thin.ttf */; };
		BA409B3E28D02AA600489F09 /* Lato-Bold.ttf in Resources */ = {isa = PBXBuildFile; fileRef = BA409B2E28D02AA500489F09 /* Lato-Bold.ttf */; };
		BA409B3F28D02AA600489F09 /* Lato-Black.ttf in Resources */ = {isa = PBXBuildFile; fileRef = BA409B2F28D02AA600489F09 /* Lato-Black.ttf */; };
		BA409B4028D02AA600489F09 /* Lato-Regular.ttf in Resources */ = {isa = PBXBuildFile; fileRef = BA409B3028D02AA600489F09 /* Lato-Regular.ttf */; };
		BA409B4128D02AA600489F09 /* Lato-BlackItalic.ttf in Resources */ = {isa = PBXBuildFile; fileRef = BA409B3128D02AA600489F09 /* Lato-BlackItalic.ttf */; };
		BA409B4228D02AA600489F09 /* OFL.txt in Resources */ = {isa = PBXBuildFile; fileRef = BA409B3228D02AA600489F09 /* OFL.txt */; };
		BA409B4328D02AA600489F09 /* Lato-BoldItalic.ttf in Resources */ = {isa = PBXBuildFile; fileRef = BA409B3328D02AA600489F09 /* Lato-BoldItalic.ttf */; };
		BA409B4428D02AA600489F09 /* Lato-Light.ttf in Resources */ = {isa = PBXBuildFile; fileRef = BA409B3428D02AA600489F09 /* Lato-Light.ttf */; };
		BA409B4528D02AA600489F09 /* Lato-ThinItalic.ttf in Resources */ = {isa = PBXBuildFile; fileRef = BA409B3528D02AA600489F09 /* Lato-ThinItalic.ttf */; };
		BA409B4828D02AB700489F09 /* EmployeesService.swift in Sources */ = {isa = PBXBuildFile; fileRef = BA409B4728D02AB700489F09 /* EmployeesService.swift */; };
		BA409B4B28D058DE00489F09 /* Authentication.storyboard in Resources */ = {isa = PBXBuildFile; fileRef = BA409B4A28D058DE00489F09 /* Authentication.storyboard */; };
		BA409B5228D0599500489F09 /* LoginViewModel.swift in Sources */ = {isa = PBXBuildFile; fileRef = BA409B5128D0599500489F09 /* LoginViewModel.swift */; };
		BA409B5428D059B700489F09 /* LoginViewController.swift in Sources */ = {isa = PBXBuildFile; fileRef = BA409B5328D059B700489F09 /* LoginViewController.swift */; };
		BA409B5628D05A1A00489F09 /* LoginUser.swift in Sources */ = {isa = PBXBuildFile; fileRef = BA409B5528D05A1A00489F09 /* LoginUser.swift */; };
		CF3C81E329A419E350EA6AF6 /* Pods_LNC_DriverTests.framework in Frameworks */ = {isa = PBXBuildFile; fileRef = E0B29B8BBA92C08FF2778F2A /* Pods_LNC_DriverTests.framework */; };
/* End PBXBuildFile section */

/* Begin PBXContainerItemProxy section */
		BA36D89728C8C41300B73053 /* PBXContainerItemProxy */ = {
			isa = PBXContainerItemProxy;
			containerPortal = BA36D87528C8C40E00B73053 /* Project object */;
			proxyType = 1;
			remoteGlobalIDString = BA36D87C28C8C40E00B73053;
			remoteInfo = LNC_Driver;
		};
		BA36D8A128C8C41300B73053 /* PBXContainerItemProxy */ = {
			isa = PBXContainerItemProxy;
			containerPortal = BA36D87528C8C40E00B73053 /* Project object */;
			proxyType = 1;
			remoteGlobalIDString = BA36D87C28C8C40E00B73053;
			remoteInfo = LNC_Driver;
		};
/* End PBXContainerItemProxy section */

/* Begin PBXFileReference section */
		1C648C314EE5B303EF28BFB6 /* Pods_LNC_Driver.framework */ = {isa = PBXFileReference; explicitFileType = wrapper.framework; includeInIndex = 0; path = Pods_LNC_Driver.framework; sourceTree = BUILT_PRODUCTS_DIR; };
		4873427D9FC2EE3ECEC2A368 /* Pods-LNC_Driver-LNC_DriverUITests.debug.xcconfig */ = {isa = PBXFileReference; includeInIndex = 1; lastKnownFileType = text.xcconfig; name = "Pods-LNC_Driver-LNC_DriverUITests.debug.xcconfig"; path = "Target Support Files/Pods-LNC_Driver-LNC_DriverUITests/Pods-LNC_Driver-LNC_DriverUITests.debug.xcconfig"; sourceTree = "<group>"; };
		73725B024857A4A3F5CA6E67 /* Pods-LNC_Driver-LNC_DriverUITests.release.xcconfig */ = {isa = PBXFileReference; includeInIndex = 1; lastKnownFileType = text.xcconfig; name = "Pods-LNC_Driver-LNC_DriverUITests.release.xcconfig"; path = "Target Support Files/Pods-LNC_Driver-LNC_DriverUITests/Pods-LNC_Driver-LNC_DriverUITests.release.xcconfig"; sourceTree = "<group>"; };
		78C9D712DCDD31B2C8D4E8CE /* Pods-LNC_Driver.release.xcconfig */ = {isa = PBXFileReference; includeInIndex = 1; lastKnownFileType = text.xcconfig; name = "Pods-LNC_Driver.release.xcconfig"; path = "Target Support Files/Pods-LNC_Driver/Pods-LNC_Driver.release.xcconfig"; sourceTree = "<group>"; };
		830DDA033DB609CF219BD70C /* Pods_LNC_Driver_LNC_DriverUITests.framework */ = {isa = PBXFileReference; explicitFileType = wrapper.framework; includeInIndex = 0; path = Pods_LNC_Driver_LNC_DriverUITests.framework; sourceTree = BUILT_PRODUCTS_DIR; };
		BA36D87D28C8C40E00B73053 /* LNC_Driver.app */ = {isa = PBXFileReference; explicitFileType = wrapper.application; includeInIndex = 0; path = LNC_Driver.app; sourceTree = BUILT_PRODUCTS_DIR; };
		BA36D88028C8C40E00B73053 /* AppDelegate.swift */ = {isa = PBXFileReference; lastKnownFileType = sourcecode.swift; path = AppDelegate.swift; sourceTree = "<group>"; };
		BA36D88A28C8C40E00B73053 /* LNC_Driver.xcdatamodel */ = {isa = PBXFileReference; lastKnownFileType = wrapper.xcdatamodel; path = LNC_Driver.xcdatamodel; sourceTree = "<group>"; };
		BA36D88C28C8C41200B73053 /* Assets.xcassets */ = {isa = PBXFileReference; lastKnownFileType = folder.assetcatalog; path = Assets.xcassets; sourceTree = "<group>"; };
		BA36D88F28C8C41200B73053 /* Base */ = {isa = PBXFileReference; lastKnownFileType = file.storyboard; name = Base; path = Base.lproj/LaunchScreen.storyboard; sourceTree = "<group>"; };
		BA36D89128C8C41200B73053 /* Info.plist */ = {isa = PBXFileReference; lastKnownFileType = text.plist.xml; path = Info.plist; sourceTree = "<group>"; };
		BA36D89628C8C41300B73053 /* LNC_DriverTests.xctest */ = {isa = PBXFileReference; explicitFileType = wrapper.cfbundle; includeInIndex = 0; path = LNC_DriverTests.xctest; sourceTree = BUILT_PRODUCTS_DIR; };
		BA36D89A28C8C41300B73053 /* LNC_DriverTests.swift */ = {isa = PBXFileReference; lastKnownFileType = sourcecode.swift; path = LNC_DriverTests.swift; sourceTree = "<group>"; };
		BA36D8A028C8C41300B73053 /* LNC_DriverUITests.xctest */ = {isa = PBXFileReference; explicitFileType = wrapper.cfbundle; includeInIndex = 0; path = LNC_DriverUITests.xctest; sourceTree = BUILT_PRODUCTS_DIR; };
		BA36D8A428C8C41300B73053 /* LNC_DriverUITests.swift */ = {isa = PBXFileReference; lastKnownFileType = sourcecode.swift; path = LNC_DriverUITests.swift; sourceTree = "<group>"; };
		BA36D8A628C8C41300B73053 /* LNC_DriverUITestsLaunchTests.swift */ = {isa = PBXFileReference; lastKnownFileType = sourcecode.swift; path = LNC_DriverUITestsLaunchTests.swift; sourceTree = "<group>"; };
		BA409B2028D029E100489F09 /* LNC_Driver.entitlements */ = {isa = PBXFileReference; lastKnownFileType = text.plist.entitlements; path = LNC_Driver.entitlements; sourceTree = "<group>"; };
		BA409B2128D02A1300489F09 /* background.png */ = {isa = PBXFileReference; lastKnownFileType = image.png; path = background.png; sourceTree = "<group>"; };
		BA409B2428D02AA500489F09 /* ImagePickerManager.swift */ = {isa = PBXFileReference; fileEncoding = 4; lastKnownFileType = sourcecode.swift; path = ImagePickerManager.swift; sourceTree = "<group>"; };
		BA409B2528D02AA500489F09 /* HttpRequestHelper.swift */ = {isa = PBXFileReference; fileEncoding = 4; lastKnownFileType = sourcecode.swift; path = HttpRequestHelper.swift; sourceTree = "<group>"; };
		BA409B2628D02AA500489F09 /* LncUserConstants .swift */ = {isa = PBXFileReference; fileEncoding = 4; lastKnownFileType = sourcecode.swift; path = "LncUserConstants .swift"; sourceTree = "<group>"; };
		BA409B2728D02AA500489F09 /* TextFieldHelper.swift */ = {isa = PBXFileReference; fileEncoding = 4; lastKnownFileType = sourcecode.swift; path = TextFieldHelper.swift; sourceTree = "<group>"; };
		BA409B2828D02AA500489F09 /* HelperConstants.swift */ = {isa = PBXFileReference; fileEncoding = 4; lastKnownFileType = sourcecode.swift; path = HelperConstants.swift; sourceTree = "<group>"; };
		BA409B2B28D02AA500489F09 /* Lato-Italic.ttf */ = {isa = PBXFileReference; lastKnownFileType = file; path = "Lato-Italic.ttf"; sourceTree = "<group>"; };
		BA409B2C28D02AA500489F09 /* Lato-LightItalic.ttf */ = {isa = PBXFileReference; lastKnownFileType = file; path = "Lato-LightItalic.ttf"; sourceTree = "<group>"; };
		BA409B2D28D02AA500489F09 /* Lato-Thin.ttf */ = {isa = PBXFileReference; lastKnownFileType = file; path = "Lato-Thin.ttf"; sourceTree = "<group>"; };
		BA409B2E28D02AA500489F09 /* Lato-Bold.ttf */ = {isa = PBXFileReference; lastKnownFileType = file; path = "Lato-Bold.ttf"; sourceTree = "<group>"; };
		BA409B2F28D02AA600489F09 /* Lato-Black.ttf */ = {isa = PBXFileReference; lastKnownFileType = file; path = "Lato-Black.ttf"; sourceTree = "<group>"; };
		BA409B3028D02AA600489F09 /* Lato-Regular.ttf */ = {isa = PBXFileReference; lastKnownFileType = file; path = "Lato-Regular.ttf"; sourceTree = "<group>"; };
		BA409B3128D02AA600489F09 /* Lato-BlackItalic.ttf */ = {isa = PBXFileReference; lastKnownFileType = file; path = "Lato-BlackItalic.ttf"; sourceTree = "<group>"; };
		BA409B3228D02AA600489F09 /* OFL.txt */ = {isa = PBXFileReference; fileEncoding = 4; lastKnownFileType = text; path = OFL.txt; sourceTree = "<group>"; };
		BA409B3328D02AA600489F09 /* Lato-BoldItalic.ttf */ = {isa = PBXFileReference; lastKnownFileType = file; path = "Lato-BoldItalic.ttf"; sourceTree = "<group>"; };
		BA409B3428D02AA600489F09 /* Lato-Light.ttf */ = {isa = PBXFileReference; lastKnownFileType = file; path = "Lato-Light.ttf"; sourceTree = "<group>"; };
		BA409B3528D02AA600489F09 /* Lato-ThinItalic.ttf */ = {isa = PBXFileReference; lastKnownFileType = file; path = "Lato-ThinItalic.ttf"; sourceTree = "<group>"; };
		BA409B4728D02AB700489F09 /* EmployeesService.swift */ = {isa = PBXFileReference; fileEncoding = 4; lastKnownFileType = sourcecode.swift; path = EmployeesService.swift; sourceTree = "<group>"; };
		BA409B4A28D058DE00489F09 /* Authentication.storyboard */ = {isa = PBXFileReference; lastKnownFileType = file.storyboard; path = Authentication.storyboard; sourceTree = "<group>"; };
		BA409B5128D0599500489F09 /* LoginViewModel.swift */ = {isa = PBXFileReference; lastKnownFileType = sourcecode.swift; path = LoginViewModel.swift; sourceTree = "<group>"; };
		BA409B5328D059B700489F09 /* LoginViewController.swift */ = {isa = PBXFileReference; lastKnownFileType = sourcecode.swift; path = LoginViewController.swift; sourceTree = "<group>"; };
		BA409B5528D05A1A00489F09 /* LoginUser.swift */ = {isa = PBXFileReference; lastKnownFileType = sourcecode.swift; path = LoginUser.swift; sourceTree = "<group>"; };
		D5094724FDB73BF36F00C90F /* Pods-LNC_DriverTests.release.xcconfig */ = {isa = PBXFileReference; includeInIndex = 1; lastKnownFileType = text.xcconfig; name = "Pods-LNC_DriverTests.release.xcconfig"; path = "Target Support Files/Pods-LNC_DriverTests/Pods-LNC_DriverTests.release.xcconfig"; sourceTree = "<group>"; };
		D628BAC93113C3916D829E17 /* Pods-LNC_DriverTests.debug.xcconfig */ = {isa = PBXFileReference; includeInIndex = 1; lastKnownFileType = text.xcconfig; name = "Pods-LNC_DriverTests.debug.xcconfig"; path = "Target Support Files/Pods-LNC_DriverTests/Pods-LNC_DriverTests.debug.xcconfig"; sourceTree = "<group>"; };
		DE888E20FF768799AD240099 /* Pods-LNC_Driver.debug.xcconfig */ = {isa = PBXFileReference; includeInIndex = 1; lastKnownFileType = text.xcconfig; name = "Pods-LNC_Driver.debug.xcconfig"; path = "Target Support Files/Pods-LNC_Driver/Pods-LNC_Driver.debug.xcconfig"; sourceTree = "<group>"; };
		E0B29B8BBA92C08FF2778F2A /* Pods_LNC_DriverTests.framework */ = {isa = PBXFileReference; explicitFileType = wrapper.framework; includeInIndex = 0; path = Pods_LNC_DriverTests.framework; sourceTree = BUILT_PRODUCTS_DIR; };
/* End PBXFileReference section */

/* Begin PBXFrameworksBuildPhase section */
		BA36D87A28C8C40E00B73053 /* Frameworks */ = {
			isa = PBXFrameworksBuildPhase;
			buildActionMask = 2147483647;
			files = (
				0F83A3ECD22CB9EB5A3960BE /* Pods_LNC_Driver.framework in Frameworks */,
			);
			runOnlyForDeploymentPostprocessing = 0;
		};
		BA36D89328C8C41300B73053 /* Frameworks */ = {
			isa = PBXFrameworksBuildPhase;
			buildActionMask = 2147483647;
			files = (
				CF3C81E329A419E350EA6AF6 /* Pods_LNC_DriverTests.framework in Frameworks */,
			);
			runOnlyForDeploymentPostprocessing = 0;
		};
		BA36D89D28C8C41300B73053 /* Frameworks */ = {
			isa = PBXFrameworksBuildPhase;
			buildActionMask = 2147483647;
			files = (
				8774A7352F3C7A25E85C5DAF /* Pods_LNC_Driver_LNC_DriverUITests.framework in Frameworks */,
			);
			runOnlyForDeploymentPostprocessing = 0;
		};
/* End PBXFrameworksBuildPhase section */

/* Begin PBXGroup section */
		B452933B2A43FB5E4BD34425 /* Pods */ = {
			isa = PBXGroup;
			children = (
				DE888E20FF768799AD240099 /* Pods-LNC_Driver.debug.xcconfig */,
				78C9D712DCDD31B2C8D4E8CE /* Pods-LNC_Driver.release.xcconfig */,
				4873427D9FC2EE3ECEC2A368 /* Pods-LNC_Driver-LNC_DriverUITests.debug.xcconfig */,
				73725B024857A4A3F5CA6E67 /* Pods-LNC_Driver-LNC_DriverUITests.release.xcconfig */,
				D628BAC93113C3916D829E17 /* Pods-LNC_DriverTests.debug.xcconfig */,
				D5094724FDB73BF36F00C90F /* Pods-LNC_DriverTests.release.xcconfig */,
			);
			path = Pods;
			sourceTree = "<group>";
		};
		B4FC03E6025F454129E58118 /* Frameworks */ = {
			isa = PBXGroup;
			children = (
				1C648C314EE5B303EF28BFB6 /* Pods_LNC_Driver.framework */,
				830DDA033DB609CF219BD70C /* Pods_LNC_Driver_LNC_DriverUITests.framework */,
				E0B29B8BBA92C08FF2778F2A /* Pods_LNC_DriverTests.framework */,
			);
			name = Frameworks;
			sourceTree = "<group>";
		};
		BA36D87428C8C40E00B73053 = {
			isa = PBXGroup;
			children = (
				BA36D87F28C8C40E00B73053 /* LNC_Driver */,
				BA36D89928C8C41300B73053 /* LNC_DriverTests */,
				BA36D8A328C8C41300B73053 /* LNC_DriverUITests */,
				BA36D87E28C8C40E00B73053 /* Products */,
				B452933B2A43FB5E4BD34425 /* Pods */,
				B4FC03E6025F454129E58118 /* Frameworks */,
			);
			sourceTree = "<group>";
		};
		BA36D87E28C8C40E00B73053 /* Products */ = {
			isa = PBXGroup;
			children = (
				BA36D87D28C8C40E00B73053 /* LNC_Driver.app */,
				BA36D89628C8C41300B73053 /* LNC_DriverTests.xctest */,
				BA36D8A028C8C41300B73053 /* LNC_DriverUITests.xctest */,
			);
			name = Products;
			sourceTree = "<group>";
		};
		BA36D87F28C8C40E00B73053 /* LNC_Driver */ = {
			isa = PBXGroup;
			children = (
				BA409B2028D029E100489F09 /* LNC_Driver.entitlements */,
				BA36D88028C8C40E00B73053 /* AppDelegate.swift */,
				BA409B2328D02AA500489F09 /* Helpers */,
				BA409B4628D02AB700489F09 /* Services */,
				BA409B4D28D0591700489F09 /* Screens */,
				BA36D88C28C8C41200B73053 /* Assets.xcassets */,
				BA409B2128D02A1300489F09 /* background.png */,
				BA36D88E28C8C41200B73053 /* LaunchScreen.storyboard */,
				BA36D89128C8C41200B73053 /* Info.plist */,
				BA36D88928C8C40E00B73053 /* LNC_Driver.xcdatamodeld */,
			);
			path = LNC_Driver;
			sourceTree = "<group>";
		};
		BA36D89928C8C41300B73053 /* LNC_DriverTests */ = {
			isa = PBXGroup;
			children = (
				BA36D89A28C8C41300B73053 /* LNC_DriverTests.swift */,
			);
			path = LNC_DriverTests;
			sourceTree = "<group>";
		};
		BA36D8A328C8C41300B73053 /* LNC_DriverUITests */ = {
			isa = PBXGroup;
			children = (
				BA36D8A428C8C41300B73053 /* LNC_DriverUITests.swift */,
				BA36D8A628C8C41300B73053 /* LNC_DriverUITestsLaunchTests.swift */,
			);
			path = LNC_DriverUITests;
			sourceTree = "<group>";
		};
		BA409B2328D02AA500489F09 /* Helpers */ = {
			isa = PBXGroup;
			children = (
				BA409B2428D02AA500489F09 /* ImagePickerManager.swift */,
				BA409B2528D02AA500489F09 /* HttpRequestHelper.swift */,
				BA409B2628D02AA500489F09 /* LncUserConstants .swift */,
				BA409B2728D02AA500489F09 /* TextFieldHelper.swift */,
				BA409B2828D02AA500489F09 /* HelperConstants.swift */,
				BA409B2928D02AA500489F09 /* FontFamily */,
			);
			path = Helpers;
			sourceTree = "<group>";
		};
		BA409B2928D02AA500489F09 /* FontFamily */ = {
			isa = PBXGroup;
			children = (
				BA409B2A28D02AA500489F09 /* Lato */,
			);
			path = FontFamily;
			sourceTree = "<group>";
		};
		BA409B2A28D02AA500489F09 /* Lato */ = {
			isa = PBXGroup;
			children = (
				BA409B2B28D02AA500489F09 /* Lato-Italic.ttf */,
				BA409B2C28D02AA500489F09 /* Lato-LightItalic.ttf */,
				BA409B2D28D02AA500489F09 /* Lato-Thin.ttf */,
				BA409B2E28D02AA500489F09 /* Lato-Bold.ttf */,
				BA409B2F28D02AA600489F09 /* Lato-Black.ttf */,
				BA409B3028D02AA600489F09 /* Lato-Regular.ttf */,
				BA409B3128D02AA600489F09 /* Lato-BlackItalic.ttf */,
				BA409B3228D02AA600489F09 /* OFL.txt */,
				BA409B3328D02AA600489F09 /* Lato-BoldItalic.ttf */,
				BA409B3428D02AA600489F09 /* Lato-Light.ttf */,
				BA409B3528D02AA600489F09 /* Lato-ThinItalic.ttf */,
			);
			path = Lato;
			sourceTree = "<group>";
		};
		BA409B4628D02AB700489F09 /* Services */ = {
			isa = PBXGroup;
			children = (
				BA409B4728D02AB700489F09 /* EmployeesService.swift */,
			);
			path = Services;
			sourceTree = "<group>";
		};
		BA409B4928D058CB00489F09 /* Auth */ = {
			isa = PBXGroup;
			children = (
				BA409B4C28D0591000489F09 /* Login */,
				BA409B4A28D058DE00489F09 /* Authentication.storyboard */,
			);
			path = Auth;
			sourceTree = "<group>";
		};
		BA409B4C28D0591000489F09 /* Login */ = {
			isa = PBXGroup;
			children = (
				BA409B5028D0597700489F09 /* Model */,
				BA409B4F28D0597300489F09 /* View */,
				BA409B4E28D0596B00489F09 /* ViewModel */,
			);
			path = Login;
			sourceTree = "<group>";
		};
		BA409B4D28D0591700489F09 /* Screens */ = {
			isa = PBXGroup;
			children = (
				BA409B4928D058CB00489F09 /* Auth */,
			);
			path = Screens;
			sourceTree = "<group>";
		};
		BA409B4E28D0596B00489F09 /* ViewModel */ = {
			isa = PBXGroup;
			children = (
				BA409B5128D0599500489F09 /* LoginViewModel.swift */,
			);
			path = ViewModel;
			sourceTree = "<group>";
		};
		BA409B4F28D0597300489F09 /* View */ = {
			isa = PBXGroup;
			children = (
				BA409B5328D059B700489F09 /* LoginViewController.swift */,
			);
			path = View;
			sourceTree = "<group>";
		};
		BA409B5028D0597700489F09 /* Model */ = {
			isa = PBXGroup;
			children = (
				BA409B5528D05A1A00489F09 /* LoginUser.swift */,
			);
			path = Model;
			sourceTree = "<group>";
		};
/* End PBXGroup section */

/* Begin PBXNativeTarget section */
		BA36D87C28C8C40E00B73053 /* LNC_Driver */ = {
			isa = PBXNativeTarget;
			buildConfigurationList = BA36D8AA28C8C41300B73053 /* Build configuration list for PBXNativeTarget "LNC_Driver" */;
			buildPhases = (
				0672ECC174F47C03BCB3359F /* [CP] Check Pods Manifest.lock */,
				BA36D87928C8C40E00B73053 /* Sources */,
				BA36D87A28C8C40E00B73053 /* Frameworks */,
				BA36D87B28C8C40E00B73053 /* Resources */,
				F7A871F008C4CD258631785D /* [CP] Embed Pods Frameworks */,
				41CFD8BF80C35214D1D428AE /* [CP] Copy Pods Resources */,
			);
			buildRules = (
			);
			dependencies = (
			);
			name = LNC_Driver;
			productName = LNC_Driver;
			productReference = BA36D87D28C8C40E00B73053 /* LNC_Driver.app */;
			productType = "com.apple.product-type.application";
		};
		BA36D89528C8C41300B73053 /* LNC_DriverTests */ = {
			isa = PBXNativeTarget;
			buildConfigurationList = BA36D8AD28C8C41300B73053 /* Build configuration list for PBXNativeTarget "LNC_DriverTests" */;
			buildPhases = (
				C5EAF27B7D18CD893F16593D /* [CP] Check Pods Manifest.lock */,
				BA36D89228C8C41300B73053 /* Sources */,
				BA36D89328C8C41300B73053 /* Frameworks */,
				BA36D89428C8C41300B73053 /* Resources */,
			);
			buildRules = (
			);
			dependencies = (
				BA36D89828C8C41300B73053 /* PBXTargetDependency */,
			);
			name = LNC_DriverTests;
			productName = LNC_DriverTests;
			productReference = BA36D89628C8C41300B73053 /* LNC_DriverTests.xctest */;
			productType = "com.apple.product-type.bundle.unit-test";
		};
		BA36D89F28C8C41300B73053 /* LNC_DriverUITests */ = {
			isa = PBXNativeTarget;
			buildConfigurationList = BA36D8B028C8C41300B73053 /* Build configuration list for PBXNativeTarget "LNC_DriverUITests" */;
			buildPhases = (
				E0999E7173ACF52605880849 /* [CP] Check Pods Manifest.lock */,
				BA36D89C28C8C41300B73053 /* Sources */,
				BA36D89D28C8C41300B73053 /* Frameworks */,
				BA36D89E28C8C41300B73053 /* Resources */,
				D214863FDCAC115375B8BC31 /* [CP] Embed Pods Frameworks */,
				B891BAC1B6E435B9EEDC2F6E /* [CP] Copy Pods Resources */,
			);
			buildRules = (
			);
			dependencies = (
				BA36D8A228C8C41300B73053 /* PBXTargetDependency */,
			);
			name = LNC_DriverUITests;
			productName = LNC_DriverUITests;
			productReference = BA36D8A028C8C41300B73053 /* LNC_DriverUITests.xctest */;
			productType = "com.apple.product-type.bundle.ui-testing";
		};
/* End PBXNativeTarget section */

/* Begin PBXProject section */
		BA36D87528C8C40E00B73053 /* Project object */ = {
			isa = PBXProject;
			attributes = {
				BuildIndependentTargetsInParallel = 1;
				LastSwiftUpdateCheck = 1340;
				LastUpgradeCheck = 1340;
				TargetAttributes = {
					BA36D87C28C8C40E00B73053 = {
						CreatedOnToolsVersion = 13.4.1;
					};
					BA36D89528C8C41300B73053 = {
						CreatedOnToolsVersion = 13.4.1;
						TestTargetID = BA36D87C28C8C40E00B73053;
					};
					BA36D89F28C8C41300B73053 = {
						CreatedOnToolsVersion = 13.4.1;
						TestTargetID = BA36D87C28C8C40E00B73053;
					};
				};
			};
			buildConfigurationList = BA36D87828C8C40E00B73053 /* Build configuration list for PBXProject "LNC_Driver" */;
			compatibilityVersion = "Xcode 13.0";
			developmentRegion = en;
			hasScannedForEncodings = 0;
			knownRegions = (
				en,
				Base,
			);
			mainGroup = BA36D87428C8C40E00B73053;
			productRefGroup = BA36D87E28C8C40E00B73053 /* Products */;
			projectDirPath = "";
			projectRoot = "";
			targets = (
				BA36D87C28C8C40E00B73053 /* LNC_Driver */,
				BA36D89528C8C41300B73053 /* LNC_DriverTests */,
				BA36D89F28C8C41300B73053 /* LNC_DriverUITests */,
			);
		};
/* End PBXProject section */

/* Begin PBXResourcesBuildPhase section */
		BA36D87B28C8C40E00B73053 /* Resources */ = {
			isa = PBXResourcesBuildPhase;
			buildActionMask = 2147483647;
			files = (
				BA409B4B28D058DE00489F09 /* Authentication.storyboard in Resources */,
				BA409B3B28D02AA600489F09 /* Lato-Italic.ttf in Resources */,
				BA409B3F28D02AA600489F09 /* Lato-Black.ttf in Resources */,
				BA409B3C28D02AA600489F09 /* Lato-LightItalic.ttf in Resources */,
				BA409B3D28D02AA600489F09 /* Lato-Thin.ttf in Resources */,
				BA409B4128D02AA600489F09 /* Lato-BlackItalic.ttf in Resources */,
				BA36D89028C8C41200B73053 /* LaunchScreen.storyboard in Resources */,
				BA409B4228D02AA600489F09 /* OFL.txt in Resources */,
				BA409B4528D02AA600489F09 /* Lato-ThinItalic.ttf in Resources */,
				BA409B2228D02A1300489F09 /* background.png in Resources */,
				BA36D88D28C8C41200B73053 /* Assets.xcassets in Resources */,
				BA409B4028D02AA600489F09 /* Lato-Regular.ttf in Resources */,
				BA409B3E28D02AA600489F09 /* Lato-Bold.ttf in Resources */,
				BA409B4328D02AA600489F09 /* Lato-BoldItalic.ttf in Resources */,
				BA409B4428D02AA600489F09 /* Lato-Light.ttf in Resources */,
			);
			runOnlyForDeploymentPostprocessing = 0;
		};
		BA36D89428C8C41300B73053 /* Resources */ = {
			isa = PBXResourcesBuildPhase;
			buildActionMask = 2147483647;
			files = (
			);
			runOnlyForDeploymentPostprocessing = 0;
		};
		BA36D89E28C8C41300B73053 /* Resources */ = {
			isa = PBXResourcesBuildPhase;
			buildActionMask = 2147483647;
			files = (
			);
			runOnlyForDeploymentPostprocessing = 0;
		};
/* End PBXResourcesBuildPhase section */

/* Begin PBXShellScriptBuildPhase section */
		0672ECC174F47C03BCB3359F /* [CP] Check Pods Manifest.lock */ = {
			isa = PBXShellScriptBuildPhase;
			buildActionMask = 2147483647;
			files = (
			);
			inputFileListPaths = (
			);
			inputPaths = (
				"${PODS_PODFILE_DIR_PATH}/Podfile.lock",
				"${PODS_ROOT}/Manifest.lock",
			);
			name = "[CP] Check Pods Manifest.lock";
			outputFileListPaths = (
			);
			outputPaths = (
				"$(DERIVED_FILE_DIR)/Pods-LNC_Driver-checkManifestLockResult.txt",
			);
			runOnlyForDeploymentPostprocessing = 0;
			shellPath = /bin/sh;
			shellScript = "diff \"${PODS_PODFILE_DIR_PATH}/Podfile.lock\" \"${PODS_ROOT}/Manifest.lock\" > /dev/null\nif [ $? != 0 ] ; then\n    # print error to STDERR\n    echo \"error: The sandbox is not in sync with the Podfile.lock. Run 'pod install' or update your CocoaPods installation.\" >&2\n    exit 1\nfi\n# This output is used by Xcode 'outputs' to avoid re-running this script phase.\necho \"SUCCESS\" > \"${SCRIPT_OUTPUT_FILE_0}\"\n";
			showEnvVarsInLog = 0;
		};
		41CFD8BF80C35214D1D428AE /* [CP] Copy Pods Resources */ = {
			isa = PBXShellScriptBuildPhase;
			buildActionMask = 2147483647;
			files = (
			);
			inputFileListPaths = (
				"${PODS_ROOT}/Target Support Files/Pods-LNC_Driver/Pods-LNC_Driver-resources-${CONFIGURATION}-input-files.xcfilelist",
			);
			name = "[CP] Copy Pods Resources";
			outputFileListPaths = (
				"${PODS_ROOT}/Target Support Files/Pods-LNC_Driver/Pods-LNC_Driver-resources-${CONFIGURATION}-output-files.xcfilelist",
			);
			runOnlyForDeploymentPostprocessing = 0;
			shellPath = /bin/sh;
			shellScript = "\"${PODS_ROOT}/Target Support Files/Pods-LNC_Driver/Pods-LNC_Driver-resources.sh\"\n";
			showEnvVarsInLog = 0;
		};
		B891BAC1B6E435B9EEDC2F6E /* [CP] Copy Pods Resources */ = {
			isa = PBXShellScriptBuildPhase;
			buildActionMask = 2147483647;
			files = (
			);
			inputFileListPaths = (
				"${PODS_ROOT}/Target Support Files/Pods-LNC_Driver-LNC_DriverUITests/Pods-LNC_Driver-LNC_DriverUITests-resources-${CONFIGURATION}-input-files.xcfilelist",
			);
			name = "[CP] Copy Pods Resources";
			outputFileListPaths = (
				"${PODS_ROOT}/Target Support Files/Pods-LNC_Driver-LNC_DriverUITests/Pods-LNC_Driver-LNC_DriverUITests-resources-${CONFIGURATION}-output-files.xcfilelist",
			);
			runOnlyForDeploymentPostprocessing = 0;
			shellPath = /bin/sh;
			shellScript = "\"${PODS_ROOT}/Target Support Files/Pods-LNC_Driver-LNC_DriverUITests/Pods-LNC_Driver-LNC_DriverUITests-resources.sh\"\n";
			showEnvVarsInLog = 0;
		};
		C5EAF27B7D18CD893F16593D /* [CP] Check Pods Manifest.lock */ = {
			isa = PBXShellScriptBuildPhase;
			buildActionMask = 2147483647;
			files = (
			);
			inputFileListPaths = (
			);
			inputPaths = (
				"${PODS_PODFILE_DIR_PATH}/Podfile.lock",
				"${PODS_ROOT}/Manifest.lock",
			);
			name = "[CP] Check Pods Manifest.lock";
			outputFileListPaths = (
			);
			outputPaths = (
				"$(DERIVED_FILE_DIR)/Pods-LNC_DriverTests-checkManifestLockResult.txt",
			);
			runOnlyForDeploymentPostprocessing = 0;
			shellPath = /bin/sh;
			shellScript = "diff \"${PODS_PODFILE_DIR_PATH}/Podfile.lock\" \"${PODS_ROOT}/Manifest.lock\" > /dev/null\nif [ $? != 0 ] ; then\n    # print error to STDERR\n    echo \"error: The sandbox is not in sync with the Podfile.lock. Run 'pod install' or update your CocoaPods installation.\" >&2\n    exit 1\nfi\n# This output is used by Xcode 'outputs' to avoid re-running this script phase.\necho \"SUCCESS\" > \"${SCRIPT_OUTPUT_FILE_0}\"\n";
			showEnvVarsInLog = 0;
		};
		D214863FDCAC115375B8BC31 /* [CP] Embed Pods Frameworks */ = {
			isa = PBXShellScriptBuildPhase;
			buildActionMask = 2147483647;
			files = (
			);
			inputFileListPaths = (
				"${PODS_ROOT}/Target Support Files/Pods-LNC_Driver-LNC_DriverUITests/Pods-LNC_Driver-LNC_DriverUITests-frameworks-${CONFIGURATION}-input-files.xcfilelist",
			);
			name = "[CP] Embed Pods Frameworks";
			outputFileListPaths = (
				"${PODS_ROOT}/Target Support Files/Pods-LNC_Driver-LNC_DriverUITests/Pods-LNC_Driver-LNC_DriverUITests-frameworks-${CONFIGURATION}-output-files.xcfilelist",
			);
			runOnlyForDeploymentPostprocessing = 0;
			shellPath = /bin/sh;
			shellScript = "\"${PODS_ROOT}/Target Support Files/Pods-LNC_Driver-LNC_DriverUITests/Pods-LNC_Driver-LNC_DriverUITests-frameworks.sh\"\n";
			showEnvVarsInLog = 0;
		};
		E0999E7173ACF52605880849 /* [CP] Check Pods Manifest.lock */ = {
			isa = PBXShellScriptBuildPhase;
			buildActionMask = 2147483647;
			files = (
			);
			inputFileListPaths = (
			);
			inputPaths = (
				"${PODS_PODFILE_DIR_PATH}/Podfile.lock",
				"${PODS_ROOT}/Manifest.lock",
			);
			name = "[CP] Check Pods Manifest.lock";
			outputFileListPaths = (
			);
			outputPaths = (
				"$(DERIVED_FILE_DIR)/Pods-LNC_Driver-LNC_DriverUITests-checkManifestLockResult.txt",
			);
			runOnlyForDeploymentPostprocessing = 0;
			shellPath = /bin/sh;
			shellScript = "diff \"${PODS_PODFILE_DIR_PATH}/Podfile.lock\" \"${PODS_ROOT}/Manifest.lock\" > /dev/null\nif [ $? != 0 ] ; then\n    # print error to STDERR\n    echo \"error: The sandbox is not in sync with the Podfile.lock. Run 'pod install' or update your CocoaPods installation.\" >&2\n    exit 1\nfi\n# This output is used by Xcode 'outputs' to avoid re-running this script phase.\necho \"SUCCESS\" > \"${SCRIPT_OUTPUT_FILE_0}\"\n";
			showEnvVarsInLog = 0;
		};
		F7A871F008C4CD258631785D /* [CP] Embed Pods Frameworks */ = {
			isa = PBXShellScriptBuildPhase;
			buildActionMask = 2147483647;
			files = (
			);
			inputFileListPaths = (
				"${PODS_ROOT}/Target Support Files/Pods-LNC_Driver/Pods-LNC_Driver-frameworks-${CONFIGURATION}-input-files.xcfilelist",
			);
			name = "[CP] Embed Pods Frameworks";
			outputFileListPaths = (
				"${PODS_ROOT}/Target Support Files/Pods-LNC_Driver/Pods-LNC_Driver-frameworks-${CONFIGURATION}-output-files.xcfilelist",
			);
			runOnlyForDeploymentPostprocessing = 0;
			shellPath = /bin/sh;
			shellScript = "\"${PODS_ROOT}/Target Support Files/Pods-LNC_Driver/Pods-LNC_Driver-frameworks.sh\"\n";
			showEnvVarsInLog = 0;
		};
/* End PBXShellScriptBuildPhase section */

/* Begin PBXSourcesBuildPhase section */
		BA36D87928C8C40E00B73053 /* Sources */ = {
			isa = PBXSourcesBuildPhase;
			buildActionMask = 2147483647;
			files = (
				BA409B4828D02AB700489F09 /* EmployeesService.swift in Sources */,
				BA409B3728D02AA600489F09 /* HttpRequestHelper.swift in Sources */,
				BA409B3928D02AA600489F09 /* TextFieldHelper.swift in Sources */,
				BA409B3828D02AA600489F09 /* LncUserConstants .swift in Sources */,
				BA36D88128C8C40E00B73053 /* AppDelegate.swift in Sources */,
				BA409B3A28D02AA600489F09 /* HelperConstants.swift in Sources */,
				BA36D88B28C8C40E00B73053 /* LNC_Driver.xcdatamodeld in Sources */,
				BA409B3628D02AA600489F09 /* ImagePickerManager.swift in Sources */,
				BA409B5428D059B700489F09 /* LoginViewController.swift in Sources */,
				BA409B5228D0599500489F09 /* LoginViewModel.swift in Sources */,
				BA409B5628D05A1A00489F09 /* LoginUser.swift in Sources */,
			);
			runOnlyForDeploymentPostprocessing = 0;
		};
		BA36D89228C8C41300B73053 /* Sources */ = {
			isa = PBXSourcesBuildPhase;
			buildActionMask = 2147483647;
			files = (
				BA36D89B28C8C41300B73053 /* LNC_DriverTests.swift in Sources */,
			);
			runOnlyForDeploymentPostprocessing = 0;
		};
		BA36D89C28C8C41300B73053 /* Sources */ = {
			isa = PBXSourcesBuildPhase;
			buildActionMask = 2147483647;
			files = (
				BA36D8A728C8C41300B73053 /* LNC_DriverUITestsLaunchTests.swift in Sources */,
				BA36D8A528C8C41300B73053 /* LNC_DriverUITests.swift in Sources */,
			);
			runOnlyForDeploymentPostprocessing = 0;
		};
/* End PBXSourcesBuildPhase section */

/* Begin PBXTargetDependency section */
		BA36D89828C8C41300B73053 /* PBXTargetDependency */ = {
			isa = PBXTargetDependency;
			target = BA36D87C28C8C40E00B73053 /* LNC_Driver */;
			targetProxy = BA36D89728C8C41300B73053 /* PBXContainerItemProxy */;
		};
		BA36D8A228C8C41300B73053 /* PBXTargetDependency */ = {
			isa = PBXTargetDependency;
			target = BA36D87C28C8C40E00B73053 /* LNC_Driver */;
			targetProxy = BA36D8A128C8C41300B73053 /* PBXContainerItemProxy */;
		};
/* End PBXTargetDependency section */

/* Begin PBXVariantGroup section */
		BA36D88E28C8C41200B73053 /* LaunchScreen.storyboard */ = {
			isa = PBXVariantGroup;
			children = (
				BA36D88F28C8C41200B73053 /* Base */,
			);
			name = LaunchScreen.storyboard;
			sourceTree = "<group>";
		};
/* End PBXVariantGroup section */

/* Begin XCBuildConfiguration section */
		BA36D8A828C8C41300B73053 /* Debug */ = {
			isa = XCBuildConfiguration;
			buildSettings = {
				ALWAYS_SEARCH_USER_PATHS = NO;
				CLANG_ANALYZER_NONNULL = YES;
				CLANG_ANALYZER_NUMBER_OBJECT_CONVERSION = YES_AGGRESSIVE;
				CLANG_CXX_LANGUAGE_STANDARD = "gnu++17";
				CLANG_ENABLE_MODULES = YES;
				CLANG_ENABLE_OBJC_ARC = YES;
				CLANG_ENABLE_OBJC_WEAK = YES;
				CLANG_WARN_BLOCK_CAPTURE_AUTORELEASING = YES;
				CLANG_WARN_BOOL_CONVERSION = YES;
				CLANG_WARN_COMMA = YES;
				CLANG_WARN_CONSTANT_CONVERSION = YES;
				CLANG_WARN_DEPRECATED_OBJC_IMPLEMENTATIONS = YES;
				CLANG_WARN_DIRECT_OBJC_ISA_USAGE = YES_ERROR;
				CLANG_WARN_DOCUMENTATION_COMMENTS = YES;
				CLANG_WARN_EMPTY_BODY = YES;
				CLANG_WARN_ENUM_CONVERSION = YES;
				CLANG_WARN_INFINITE_RECURSION = YES;
				CLANG_WARN_INT_CONVERSION = YES;
				CLANG_WARN_NON_LITERAL_NULL_CONVERSION = YES;
				CLANG_WARN_OBJC_IMPLICIT_RETAIN_SELF = YES;
				CLANG_WARN_OBJC_LITERAL_CONVERSION = YES;
				CLANG_WARN_OBJC_ROOT_CLASS = YES_ERROR;
				CLANG_WARN_QUOTED_INCLUDE_IN_FRAMEWORK_HEADER = YES;
				CLANG_WARN_RANGE_LOOP_ANALYSIS = YES;
				CLANG_WARN_STRICT_PROTOTYPES = YES;
				CLANG_WARN_SUSPICIOUS_MOVE = YES;
				CLANG_WARN_UNGUARDED_AVAILABILITY = YES_AGGRESSIVE;
				CLANG_WARN_UNREACHABLE_CODE = YES;
				CLANG_WARN__DUPLICATE_METHOD_MATCH = YES;
				COPY_PHASE_STRIP = NO;
				DEBUG_INFORMATION_FORMAT = dwarf;
				ENABLE_STRICT_OBJC_MSGSEND = YES;
				ENABLE_TESTABILITY = YES;
				GCC_C_LANGUAGE_STANDARD = gnu11;
				GCC_DYNAMIC_NO_PIC = NO;
				GCC_NO_COMMON_BLOCKS = YES;
				GCC_OPTIMIZATION_LEVEL = 0;
				GCC_PREPROCESSOR_DEFINITIONS = (
					"DEBUG=1",
					"$(inherited)",
				);
				GCC_WARN_64_TO_32_BIT_CONVERSION = YES;
				GCC_WARN_ABOUT_RETURN_TYPE = YES_ERROR;
				GCC_WARN_UNDECLARED_SELECTOR = YES;
				GCC_WARN_UNINITIALIZED_AUTOS = YES_AGGRESSIVE;
				GCC_WARN_UNUSED_FUNCTION = YES;
				GCC_WARN_UNUSED_VARIABLE = YES;
				IPHONEOS_DEPLOYMENT_TARGET = 15.5;
				MTL_ENABLE_DEBUG_INFO = INCLUDE_SOURCE;
				MTL_FAST_MATH = YES;
				ONLY_ACTIVE_ARCH = YES;
				SDKROOT = iphoneos;
				SWIFT_ACTIVE_COMPILATION_CONDITIONS = DEBUG;
				SWIFT_OPTIMIZATION_LEVEL = "-Onone";
			};
			name = Debug;
		};
		BA36D8A928C8C41300B73053 /* Release */ = {
			isa = XCBuildConfiguration;
			buildSettings = {
				ALWAYS_SEARCH_USER_PATHS = NO;
				CLANG_ANALYZER_NONNULL = YES;
				CLANG_ANALYZER_NUMBER_OBJECT_CONVERSION = YES_AGGRESSIVE;
				CLANG_CXX_LANGUAGE_STANDARD = "gnu++17";
				CLANG_ENABLE_MODULES = YES;
				CLANG_ENABLE_OBJC_ARC = YES;
				CLANG_ENABLE_OBJC_WEAK = YES;
				CLANG_WARN_BLOCK_CAPTURE_AUTORELEASING = YES;
				CLANG_WARN_BOOL_CONVERSION = YES;
				CLANG_WARN_COMMA = YES;
				CLANG_WARN_CONSTANT_CONVERSION = YES;
				CLANG_WARN_DEPRECATED_OBJC_IMPLEMENTATIONS = YES;
				CLANG_WARN_DIRECT_OBJC_ISA_USAGE = YES_ERROR;
				CLANG_WARN_DOCUMENTATION_COMMENTS = YES;
				CLANG_WARN_EMPTY_BODY = YES;
				CLANG_WARN_ENUM_CONVERSION = YES;
				CLANG_WARN_INFINITE_RECURSION = YES;
				CLANG_WARN_INT_CONVERSION = YES;
				CLANG_WARN_NON_LITERAL_NULL_CONVERSION = YES;
				CLANG_WARN_OBJC_IMPLICIT_RETAIN_SELF = YES;
				CLANG_WARN_OBJC_LITERAL_CONVERSION = YES;
				CLANG_WARN_OBJC_ROOT_CLASS = YES_ERROR;
				CLANG_WARN_QUOTED_INCLUDE_IN_FRAMEWORK_HEADER = YES;
				CLANG_WARN_RANGE_LOOP_ANALYSIS = YES;
				CLANG_WARN_STRICT_PROTOTYPES = YES;
				CLANG_WARN_SUSPICIOUS_MOVE = YES;
				CLANG_WARN_UNGUARDED_AVAILABILITY = YES_AGGRESSIVE;
				CLANG_WARN_UNREACHABLE_CODE = YES;
				CLANG_WARN__DUPLICATE_METHOD_MATCH = YES;
				COPY_PHASE_STRIP = NO;
				DEBUG_INFORMATION_FORMAT = "dwarf-with-dsym";
				ENABLE_NS_ASSERTIONS = NO;
				ENABLE_STRICT_OBJC_MSGSEND = YES;
				GCC_C_LANGUAGE_STANDARD = gnu11;
				GCC_NO_COMMON_BLOCKS = YES;
				GCC_WARN_64_TO_32_BIT_CONVERSION = YES;
				GCC_WARN_ABOUT_RETURN_TYPE = YES_ERROR;
				GCC_WARN_UNDECLARED_SELECTOR = YES;
				GCC_WARN_UNINITIALIZED_AUTOS = YES_AGGRESSIVE;
				GCC_WARN_UNUSED_FUNCTION = YES;
				GCC_WARN_UNUSED_VARIABLE = YES;
				IPHONEOS_DEPLOYMENT_TARGET = 15.5;
				MTL_ENABLE_DEBUG_INFO = NO;
				MTL_FAST_MATH = YES;
				SDKROOT = iphoneos;
				SWIFT_COMPILATION_MODE = wholemodule;
				SWIFT_OPTIMIZATION_LEVEL = "-O";
				VALIDATE_PRODUCT = YES;
			};
			name = Release;
		};
		BA36D8AB28C8C41300B73053 /* Debug */ = {
			isa = XCBuildConfiguration;
			baseConfigurationReference = DE888E20FF768799AD240099 /* Pods-LNC_Driver.debug.xcconfig */;
			buildSettings = {
				ASSETCATALOG_COMPILER_APPICON_NAME = AppIcon;
				ASSETCATALOG_COMPILER_GLOBAL_ACCENT_COLOR_NAME = AccentColor;
				CODE_SIGN_ENTITLEMENTS = LNC_Driver/LNC_Driver.entitlements;
				CODE_SIGN_STYLE = Automatic;
				CURRENT_PROJECT_VERSION = 1;
				DEVELOPMENT_TEAM = W53RYF67AF;
				GENERATE_INFOPLIST_FILE = YES;
				INFOPLIST_FILE = LNC_Driver/Info.plist;
				INFOPLIST_KEY_NSCameraUsageDescription = "This app requires to access your camera to set profile pictures.";
				INFOPLIST_KEY_NSLocationAlwaysUsageDescription = "your device location will only be used while the app is in use to complete service requests that require your current location";
				INFOPLIST_KEY_NSLocationWhenInUseUsageDescription = "your device location will only be used while the app is in use to complete service requests that require your current location";
				INFOPLIST_KEY_NSPhotoLibraryUsageDescription = "This app requires to access your photo library to set profile pictures";
				INFOPLIST_KEY_UIApplicationSupportsIndirectInputEvents = YES;
				INFOPLIST_KEY_UILaunchStoryboardName = LaunchScreen;
				INFOPLIST_KEY_UIMainStoryboardFile = Authentication;
				INFOPLIST_KEY_UISupportedInterfaceOrientations_iPad = "UIInterfaceOrientationPortrait UIInterfaceOrientationPortraitUpsideDown UIInterfaceOrientationLandscapeLeft UIInterfaceOrientationLandscapeRight";
				INFOPLIST_KEY_UISupportedInterfaceOrientations_iPhone = "UIInterfaceOrientationPortrait UIInterfaceOrientationLandscapeLeft UIInterfaceOrientationLandscapeRight";
				IPHONEOS_DEPLOYMENT_TARGET = 13.0;
				LD_RUNPATH_SEARCH_PATHS = (
					"$(inherited)",
					"@executable_path/Frameworks",
				);
				MARKETING_VERSION = 1.0;
				PRODUCT_BUNDLE_IDENTIFIER = "AnaadITSolutions.LNC-Driver";
				PRODUCT_NAME = "$(TARGET_NAME)";
				SWIFT_EMIT_LOC_STRINGS = YES;
				SWIFT_VERSION = 5.0;
				TARGETED_DEVICE_FAMILY = "1,2";
			};
			name = Debug;
		};
		BA36D8AC28C8C41300B73053 /* Release */ = {
			isa = XCBuildConfiguration;
			baseConfigurationReference = 78C9D712DCDD31B2C8D4E8CE /* Pods-LNC_Driver.release.xcconfig */;
			buildSettings = {
				ASSETCATALOG_COMPILER_APPICON_NAME = AppIcon;
				ASSETCATALOG_COMPILER_GLOBAL_ACCENT_COLOR_NAME = AccentColor;
				CODE_SIGN_ENTITLEMENTS = LNC_Driver/LNC_Driver.entitlements;
				CODE_SIGN_STYLE = Automatic;
				CURRENT_PROJECT_VERSION = 1;
				DEVELOPMENT_TEAM = W53RYF67AF;
				GENERATE_INFOPLIST_FILE = YES;
				INFOPLIST_FILE = LNC_Driver/Info.plist;
				INFOPLIST_KEY_NSCameraUsageDescription = "This app requires to access your camera to set profile pictures.";
				INFOPLIST_KEY_NSLocationAlwaysUsageDescription = "your device location will only be used while the app is in use to complete service requests that require your current location";
				INFOPLIST_KEY_NSLocationWhenInUseUsageDescription = "your device location will only be used while the app is in use to complete service requests that require your current location";
				INFOPLIST_KEY_NSPhotoLibraryUsageDescription = "This app requires to access your photo library to set profile pictures";
				INFOPLIST_KEY_UIApplicationSupportsIndirectInputEvents = YES;
				INFOPLIST_KEY_UILaunchStoryboardName = LaunchScreen;
				INFOPLIST_KEY_UIMainStoryboardFile = Authentication;
				INFOPLIST_KEY_UISupportedInterfaceOrientations_iPad = "UIInterfaceOrientationPortrait UIInterfaceOrientationPortraitUpsideDown UIInterfaceOrientationLandscapeLeft UIInterfaceOrientationLandscapeRight";
				INFOPLIST_KEY_UISupportedInterfaceOrientations_iPhone = "UIInterfaceOrientationPortrait UIInterfaceOrientationLandscapeLeft UIInterfaceOrientationLandscapeRight";
				IPHONEOS_DEPLOYMENT_TARGET = 13.0;
				LD_RUNPATH_SEARCH_PATHS = (
					"$(inherited)",
					"@executable_path/Frameworks",
				);
				MARKETING_VERSION = 1.0;
				PRODUCT_BUNDLE_IDENTIFIER = "AnaadITSolutions.LNC-Driver";
				PRODUCT_NAME = "$(TARGET_NAME)";
				SWIFT_EMIT_LOC_STRINGS = YES;
				SWIFT_VERSION = 5.0;
				TARGETED_DEVICE_FAMILY = "1,2";
			};
			name = Release;
		};
		BA36D8AE28C8C41300B73053 /* Debug */ = {
			isa = XCBuildConfiguration;
			baseConfigurationReference = D628BAC93113C3916D829E17 /* Pods-LNC_DriverTests.debug.xcconfig */;
			buildSettings = {
				ALWAYS_EMBED_SWIFT_STANDARD_LIBRARIES = YES;
				BUNDLE_LOADER = "$(TEST_HOST)";
				CODE_SIGN_STYLE = Automatic;
				CURRENT_PROJECT_VERSION = 1;
				DEVELOPMENT_TEAM = W53RYF67AF;
				GENERATE_INFOPLIST_FILE = YES;
				IPHONEOS_DEPLOYMENT_TARGET = 15.5;
				MARKETING_VERSION = 1.0;
				PRODUCT_BUNDLE_IDENTIFIER = "AnaadITSolutions.LNC-DriverTests";
				PRODUCT_NAME = "$(TARGET_NAME)";
				SWIFT_EMIT_LOC_STRINGS = NO;
				SWIFT_VERSION = 5.0;
				TARGETED_DEVICE_FAMILY = "1,2";
				TEST_HOST = "$(BUILT_PRODUCTS_DIR)/LNC_Driver.app/LNC_Driver";
			};
			name = Debug;
		};
		BA36D8AF28C8C41300B73053 /* Release */ = {
			isa = XCBuildConfiguration;
			baseConfigurationReference = D5094724FDB73BF36F00C90F /* Pods-LNC_DriverTests.release.xcconfig */;
			buildSettings = {
				ALWAYS_EMBED_SWIFT_STANDARD_LIBRARIES = YES;
				BUNDLE_LOADER = "$(TEST_HOST)";
				CODE_SIGN_STYLE = Automatic;
				CURRENT_PROJECT_VERSION = 1;
				DEVELOPMENT_TEAM = W53RYF67AF;
				GENERATE_INFOPLIST_FILE = YES;
				IPHONEOS_DEPLOYMENT_TARGET = 15.5;
				MARKETING_VERSION = 1.0;
				PRODUCT_BUNDLE_IDENTIFIER = "AnaadITSolutions.LNC-DriverTests";
				PRODUCT_NAME = "$(TARGET_NAME)";
				SWIFT_EMIT_LOC_STRINGS = NO;
				SWIFT_VERSION = 5.0;
				TARGETED_DEVICE_FAMILY = "1,2";
				TEST_HOST = "$(BUILT_PRODUCTS_DIR)/LNC_Driver.app/LNC_Driver";
			};
			name = Release;
		};
		BA36D8B128C8C41300B73053 /* Debug */ = {
			isa = XCBuildConfiguration;
			baseConfigurationReference = 4873427D9FC2EE3ECEC2A368 /* Pods-LNC_Driver-LNC_DriverUITests.debug.xcconfig */;
			buildSettings = {
				ALWAYS_EMBED_SWIFT_STANDARD_LIBRARIES = YES;
				CODE_SIGN_STYLE = Automatic;
				CURRENT_PROJECT_VERSION = 1;
				DEVELOPMENT_TEAM = W53RYF67AF;
				GENERATE_INFOPLIST_FILE = YES;
				MARKETING_VERSION = 1.0;
				PRODUCT_BUNDLE_IDENTIFIER = "AnaadITSolutions.LNC-DriverUITests";
				PRODUCT_NAME = "$(TARGET_NAME)";
				SWIFT_EMIT_LOC_STRINGS = NO;
				SWIFT_VERSION = 5.0;
				TARGETED_DEVICE_FAMILY = "1,2";
				TEST_TARGET_NAME = LNC_Driver;
			};
			name = Debug;
		};
		BA36D8B228C8C41300B73053 /* Release */ = {
			isa = XCBuildConfiguration;
			baseConfigurationReference = 73725B024857A4A3F5CA6E67 /* Pods-LNC_Driver-LNC_DriverUITests.release.xcconfig */;
			buildSettings = {
				ALWAYS_EMBED_SWIFT_STANDARD_LIBRARIES = YES;
				CODE_SIGN_STYLE = Automatic;
				CURRENT_PROJECT_VERSION = 1;
				DEVELOPMENT_TEAM = W53RYF67AF;
				GENERATE_INFOPLIST_FILE = YES;
				MARKETING_VERSION = 1.0;
				PRODUCT_BUNDLE_IDENTIFIER = "AnaadITSolutions.LNC-DriverUITests";
				PRODUCT_NAME = "$(TARGET_NAME)";
				SWIFT_EMIT_LOC_STRINGS = NO;
				SWIFT_VERSION = 5.0;
				TARGETED_DEVICE_FAMILY = "1,2";
				TEST_TARGET_NAME = LNC_Driver;
			};
			name = Release;
		};
/* End XCBuildConfiguration section */

/* Begin XCConfigurationList section */
		BA36D87828C8C40E00B73053 /* Build configuration list for PBXProject "LNC_Driver" */ = {
			isa = XCConfigurationList;
			buildConfigurations = (
				BA36D8A828C8C41300B73053 /* Debug */,
				BA36D8A928C8C41300B73053 /* Release */,
			);
			defaultConfigurationIsVisible = 0;
			defaultConfigurationName = Release;
		};
		BA36D8AA28C8C41300B73053 /* Build configuration list for PBXNativeTarget "LNC_Driver" */ = {
			isa = XCConfigurationList;
			buildConfigurations = (
				BA36D8AB28C8C41300B73053 /* Debug */,
				BA36D8AC28C8C41300B73053 /* Release */,
			);
			defaultConfigurationIsVisible = 0;
			defaultConfigurationName = Release;
		};
		BA36D8AD28C8C41300B73053 /* Build configuration list for PBXNativeTarget "LNC_DriverTests" */ = {
			isa = XCConfigurationList;
			buildConfigurations = (
				BA36D8AE28C8C41300B73053 /* Debug */,
				BA36D8AF28C8C41300B73053 /* Release */,
			);
			defaultConfigurationIsVisible = 0;
			defaultConfigurationName = Release;
		};
		BA36D8B028C8C41300B73053 /* Build configuration list for PBXNativeTarget "LNC_DriverUITests" */ = {
			isa = XCConfigurationList;
			buildConfigurations = (
				BA36D8B128C8C41300B73053 /* Debug */,
				BA36D8B228C8C41300B73053 /* Release */,
			);
			defaultConfigurationIsVisible = 0;
			defaultConfigurationName = Release;
		};
/* End XCConfigurationList section */

/* Begin XCVersionGroup section */
		BA36D88928C8C40E00B73053 /* LNC_Driver.xcdatamodeld */ = {
			isa = XCVersionGroup;
			children = (
				BA36D88A28C8C40E00B73053 /* LNC_Driver.xcdatamodel */,
			);
			currentVersion = BA36D88A28C8C40E00B73053 /* LNC_Driver.xcdatamodel */;
			path = LNC_Driver.xcdatamodeld;
			sourceTree = "<group>";
			versionGroupType = wrapper.xcdatamodel;
		};
/* End XCVersionGroup section */
	};
	rootObject = BA36D87528C8C40E00B73053 /* Project object */;
}
